<?xml version="1.0" encoding="utf-8"?>
<Project ToolsVersion="4.0" xmlns="http://schemas.microsoft.com/developer/msbuild/2003">
  <ItemGroup>
    <Filter Include="system">
      <UniqueIdentifier>{22dd8095-74f9-46df-81a1-36675a040b1f}</UniqueIdentifier>
    </Filter>
    <Filter Include="Hero">
      <UniqueIdentifier>{06a66712-32b5-41ac-bc45-a830f38ae8d8}</UniqueIdentifier>
    </Filter>
    <Filter Include="Wizard">
      <UniqueIdentifier>{2887295a-a2b1-4b11-b171-11ad071fe549}</UniqueIdentifier>
    </Filter>
    <Filter Include="Lich">
      <UniqueIdentifier>{21da61a7-d81b-459b-b221-5b31fa8ed969}</UniqueIdentifier>
    </Filter>
    <Filter Include="Slime">
      <UniqueIdentifier>{2e495790-ee8d-4c1e-b20d-3dd2252b068a}</UniqueIdentifier>
    </Filter>
    <Filter Include="Cactus">
      <UniqueIdentifier>{28bbc3b2-cb0f-4038-92f3-4593b9b6d9f5}</UniqueIdentifier>
    </Filter>
    <Filter Include="TurtleShell">
      <UniqueIdentifier>{eaba4644-52df-49e7-ab11-46b649af7b1e}</UniqueIdentifier>
    </Filter>
    <Filter Include="Mushroom">
      <UniqueIdentifier>{171f71e6-9381-4839-b187-14e7805cd952}</UniqueIdentifier>
    </Filter>
  </ItemGroup>
  <ItemGroup>
    <ClCompile Include="stdafx.cpp" />
    <ClCompile Include="main.cpp" />
    <ClCompile Include="system\system.cpp">
      <Filter>system</Filter>
    </ClCompile>
    <ClCompile Include="Game.cpp" />
    <ClCompile Include="GameCamera.cpp" />
    <ClCompile Include="Actor.cpp" />
    <ClCompile Include="Status.cpp" />
    <ClCompile Include="BossStage1.cpp" />
    <ClCompile Include="Player.cpp" />
    <ClCompile Include="HeroStateIdle.cpp">
      <Filter>Hero</Filter>
    </ClCompile>
    <ClCompile Include="HeroStateWalk.cpp">
      <Filter>Hero</Filter>
    </ClCompile>
    <ClCompile Include="HeroStateRun.cpp">
      <Filter>Hero</Filter>
    </ClCompile>
    <ClCompile Include="WizardStateIdle.cpp">
      <Filter>Wizard</Filter>
    </ClCompile>
    <ClCompile Include="WizardStateWalk.cpp">
      <Filter>Wizard</Filter>
    </ClCompile>
    <ClCompile Include="WizardStateRun.cpp">
      <Filter>Wizard</Filter>
    </ClCompile>
    <ClCompile Include="HeroStateAttack_1.cpp">
      <Filter>Hero</Filter>
    </ClCompile>
    <ClCompile Include="HeroStateAttack_2.cpp">
      <Filter>Hero</Filter>
    </ClCompile>
    <ClCompile Include="HeroStateAttack_3.cpp">
      <Filter>Hero</Filter>
    </ClCompile>
    <ClCompile Include="HeroStateAttack_4.cpp">
      <Filter>Hero</Filter>
    </ClCompile>
    <ClCompile Include="WizardStateAttack_1.cpp">
      <Filter>Wizard</Filter>
    </ClCompile>
    <ClCompile Include="WizardStateAttack_2_Start.cpp">
      <Filter>Wizard</Filter>
    </ClCompile>
    <ClCompile Include="WizardStateAttack_2_main.cpp">
      <Filter>Wizard</Filter>
    </ClCompile>
    <ClCompile Include="HeroStateAttack_Skill_Main.cpp">
      <Filter>Hero</Filter>
    </ClCompile>
    <ClCompile Include="WizardStateAttack_3_Main.cpp">
      <Filter>Wizard</Filter>
    </ClCompile>
    <ClCompile Include="WizardStateAttack_3_Start.cpp">
      <Filter>Wizard</Filter>
    </ClCompile>
    <ClCompile Include="WizardState_Attack_4.cpp">
      <Filter>Wizard</Filter>
    </ClCompile>
    <ClCompile Include="FlamePillar.cpp">
      <Filter>Wizard</Filter>
    </ClCompile>
    <ClCompile Include="AIActor.cpp" />
    <ClCompile Include="LichStateIdle.cpp">
      <Filter>Lich</Filter>
    </ClCompile>
    <ClCompile Include="LichStateWalk.cpp">
      <Filter>Lich</Filter>
    </ClCompile>
    <ClCompile Include="LichStateAttack_1.cpp">
      <Filter>Lich</Filter>
    </ClCompile>
    <ClCompile Include="LichStateAttack_2.cpp">
      <Filter>Lich</Filter>
    </ClCompile>
    <ClCompile Include="WizardStateDie.cpp">
      <Filter>Wizard</Filter>
    </ClCompile>
    <ClCompile Include="Title.cpp" />
    <ClCompile Include="Result.cpp" />
    <ClCompile Include="FireBall.cpp">
      <Filter>Wizard</Filter>
    </ClCompile>
    <ClCompile Include="Hero.cpp">
      <Filter>Hero</Filter>
    </ClCompile>
    <ClCompile Include="Wizard.cpp">
      <Filter>Wizard</Filter>
    </ClCompile>
    <ClCompile Include="Lich.cpp">
      <Filter>Lich</Filter>
    </ClCompile>
    <ClCompile Include="LichStateDie.cpp">
      <Filter>Lich</Filter>
    </ClCompile>
    <ClCompile Include="HeroStateDie.cpp">
      <Filter>Hero</Filter>
    </ClCompile>
    <ClCompile Include="LichStateDamage.cpp">
      <Filter>Lich</Filter>
    </ClCompile>
    <ClCompile Include="LichStateDarkMeteorite_Start.cpp">
      <Filter>Lich</Filter>
    </ClCompile>
    <ClCompile Include="LichAction.cpp">
      <Filter>Lich</Filter>
    </ClCompile>
    <ClCompile Include="LichStateDarkMeteorite_Main.cpp">
      <Filter>Lich</Filter>
    </ClCompile>
    <ClCompile Include="Slime.cpp">
      <Filter>Slime</Filter>
    </ClCompile>
    <ClCompile Include="HeroStateDamage.cpp">
      <Filter>Hero</Filter>
    </ClCompile>
    <ClCompile Include="LichStateDarkMeteorite_End.cpp">
      <Filter>Lich</Filter>
    </ClCompile>
    <ClCompile Include="DarkMeteorite.cpp">
      <Filter>Lich</Filter>
    </ClCompile>
    <ClCompile Include="DarkWall.cpp">
      <Filter>Lich</Filter>
    </ClCompile>
    <ClCompile Include="Meteo.cpp">
      <Filter>Lich</Filter>
    </ClCompile>
    <ClCompile Include="WizardStateDamage.cpp">
      <Filter>Wizard</Filter>
    </ClCompile>
    <ClCompile Include="TurtleShell.cpp">
      <Filter>TurtleShell</Filter>
    </ClCompile>
    <ClCompile Include="Cactus.cpp">
      <Filter>Cactus</Filter>
    </ClCompile>
    <ClCompile Include="Mushroom.cpp">
      <Filter>Mushroom</Filter>
    </ClCompile>
    <ClCompile Include="LichStateSummon.cpp">
      <Filter>Lich</Filter>
    </ClCompile>
    <ClCompile Include="Summon.cpp">
      <Filter>Lich</Filter>
    </ClCompile>
    <ClCompile Include="SlimeStateAttack.cpp">
      <Filter>Slime</Filter>
    </ClCompile>
    <ClCompile Include="SlimeStateDamage.cpp">
      <Filter>Slime</Filter>
    </ClCompile>
    <ClCompile Include="SlimeStateDie.cpp">
      <Filter>Slime</Filter>
    </ClCompile>
    <ClCompile Include="SlimeStateIdle.cpp">
      <Filter>Slime</Filter>
    </ClCompile>
    <ClCompile Include="SlimeStateVictory.cpp">
      <Filter>Slime</Filter>
    </ClCompile>
    <ClCompile Include="SlimeStateWalk.cpp">
      <Filter>Slime</Filter>
    </ClCompile>
    <ClCompile Include="TurtleShellStateAttack_1.cpp">
      <Filter>TurtleShell</Filter>
    </ClCompile>
    <ClCompile Include="TurtleShellStateAttack_2.cpp">
      <Filter>TurtleShell</Filter>
    </ClCompile>
    <ClCompile Include="TurtleShellStateDamage.cpp">
      <Filter>TurtleShell</Filter>
    </ClCompile>
    <ClCompile Include="TurtleShellStateDie.cpp">
      <Filter>TurtleShell</Filter>
    </ClCompile>
    <ClCompile Include="TurtleShellStateDifence.cpp">
      <Filter>TurtleShell</Filter>
    </ClCompile>
    <ClCompile Include="TurtleShellStateDifenceDamage.cpp">
      <Filter>TurtleShell</Filter>
    </ClCompile>
    <ClCompile Include="TurtleShellStateIdle.cpp">
      <Filter>TurtleShell</Filter>
    </ClCompile>
    <ClCompile Include="TurtleShellStateVictory.cpp">
      <Filter>TurtleShell</Filter>
    </ClCompile>
    <ClCompile Include="TurtleShellStateWalk.cpp">
      <Filter>TurtleShell</Filter>
    </ClCompile>
    <ClCompile Include="MushroomStateAttack_1.cpp">
      <Filter>Mushroom</Filter>
    </ClCompile>
    <ClCompile Include="MushroomStateAttack_2.cpp">
      <Filter>Mushroom</Filter>
    </ClCompile>
    <ClCompile Include="MushroomStateDamage.cpp">
      <Filter>Mushroom</Filter>
    </ClCompile>
    <ClCompile Include="MushroomStateDie.cpp">
      <Filter>Mushroom</Filter>
    </ClCompile>
    <ClCompile Include="MushroomStateIdle.cpp">
      <Filter>Mushroom</Filter>
    </ClCompile>
    <ClCompile Include="MushroomStateVictory.cpp">
      <Filter>Mushroom</Filter>
    </ClCompile>
    <ClCompile Include="MushroomStateWalk.cpp">
      <Filter>Mushroom</Filter>
    </ClCompile>
    <ClCompile Include="CactusStateAttack_1.cpp">
      <Filter>Cactus</Filter>
    </ClCompile>
    <ClCompile Include="CactusStateAttack_2.cpp">
      <Filter>Cactus</Filter>
    </ClCompile>
    <ClCompile Include="CactusStateDamage.cpp">
      <Filter>Cactus</Filter>
    </ClCompile>
    <ClCompile Include="CactusStateDie.cpp">
      <Filter>Cactus</Filter>
    </ClCompile>
    <ClCompile Include="CactusStateIdle.cpp">
      <Filter>Cactus</Filter>
    </ClCompile>
    <ClCompile Include="CactusStatePlant.cpp">
      <Filter>Cactus</Filter>
    </ClCompile>
    <ClCompile Include="CactusStatePlantToBattle.cpp">
      <Filter>Cactus</Filter>
    </ClCompile>
    <ClCompile Include="CactusStateRun.cpp">
      <Filter>Cactus</Filter>
    </ClCompile>
    <ClCompile Include="CactusStateVictory.cpp">
      <Filter>Cactus</Filter>
    </ClCompile>
    <ClCompile Include="GameManager.cpp" />
    <ClCompile Include="LichStateVictory.cpp">
      <Filter>Lich</Filter>
    </ClCompile>
    <ClCompile Include="GameUI.cpp" />
  </ItemGroup>
  <ItemGroup>
    <ClInclude Include="stdafx.h" />
    <ClInclude Include="system\system.h">
      <Filter>system</Filter>
    </ClInclude>
    <ClInclude Include="Game.h" />
    <ClInclude Include="GameCamera.h" />
    <ClInclude Include="Actor.h" />
    <ClInclude Include="Status.h" />
    <ClInclude Include="BossStage1.h" />
    <ClInclude Include="IHeroState.h">
      <Filter>Hero</Filter>
    </ClInclude>
    <ClInclude Include="Player.h" />
    <ClInclude Include="HeroStateIdle.h">
      <Filter>Hero</Filter>
    </ClInclude>
    <ClInclude Include="HeroStateWalk.h">
      <Filter>Hero</Filter>
    </ClInclude>
    <ClInclude Include="HeroStateRun.h">
      <Filter>Hero</Filter>
    </ClInclude>
    <ClInclude Include="IWizardState.h">
      <Filter>Wizard</Filter>
    </ClInclude>
    <ClInclude Include="WizardStateIdle.h">
      <Filter>Wizard</Filter>
    </ClInclude>
    <ClInclude Include="WizardStateWalk.h">
      <Filter>Wizard</Filter>
    </ClInclude>
    <ClInclude Include="WizardStateRun.h">
      <Filter>Wizard</Filter>
    </ClInclude>
    <ClInclude Include="HeroStateAttack_1.h">
      <Filter>Hero</Filter>
    </ClInclude>
    <ClInclude Include="HeroStateAttack_2.h">
      <Filter>Hero</Filter>
    </ClInclude>
    <ClInclude Include="HeroStateAttack_3.h">
      <Filter>Hero</Filter>
    </ClInclude>
    <ClInclude Include="HeroStateAttack_4.h">
      <Filter>Hero</Filter>
    </ClInclude>
    <ClInclude Include="WizardStateAttack_1.h">
      <Filter>Wizard</Filter>
    </ClInclude>
    <ClInclude Include="WizardStateAttack_2_Start.h">
      <Filter>Wizard</Filter>
    </ClInclude>
    <ClInclude Include="WizardStateAttack_2_main.h">
      <Filter>Wizard</Filter>
    </ClInclude>
    <ClInclude Include="HeroStateAttack_Skill_Main.h">
      <Filter>Hero</Filter>
    </ClInclude>
    <ClInclude Include="WizardStateAttack_3_Main.h">
      <Filter>Wizard</Filter>
    </ClInclude>
    <ClInclude Include="WizardStateAttack_3_Start.h">
      <Filter>Wizard</Filter>
    </ClInclude>
    <ClInclude Include="WizardState_Attack_4.h">
      <Filter>Wizard</Filter>
    </ClInclude>
    <ClInclude Include="FlamePillar.h">
      <Filter>Wizard</Filter>
    </ClInclude>
    <ClInclude Include="AIActor.h" />
    <ClInclude Include="ILichState.h">
      <Filter>Lich</Filter>
    </ClInclude>
    <ClInclude Include="LichStateIdle.h">
      <Filter>Lich</Filter>
    </ClInclude>
    <ClInclude Include="LichStateWalk.h">
      <Filter>Lich</Filter>
    </ClInclude>
    <ClInclude Include="LichStateAttack_1.h">
      <Filter>Lich</Filter>
    </ClInclude>
    <ClInclude Include="LichStateAttack_2.h">
      <Filter>Lich</Filter>
    </ClInclude>
    <ClInclude Include="WizardStateDie.h">
      <Filter>Wizard</Filter>
    </ClInclude>
    <ClInclude Include="Title.h" />
    <ClInclude Include="Result.h" />
    <ClInclude Include="FireBall.h">
      <Filter>Wizard</Filter>
    </ClInclude>
    <ClInclude Include="Hero.h">
      <Filter>Hero</Filter>
    </ClInclude>
    <ClInclude Include="Wizard.h">
      <Filter>Wizard</Filter>
    </ClInclude>
    <ClInclude Include="Lich.h">
      <Filter>Lich</Filter>
    </ClInclude>
    <ClInclude Include="LichStateDie.h">
      <Filter>Lich</Filter>
    </ClInclude>
    <ClInclude Include="HeroStateDie.h">
      <Filter>Hero</Filter>
    </ClInclude>
    <ClInclude Include="LichStateDamage.h">
      <Filter>Lich</Filter>
    </ClInclude>
    <ClInclude Include="LichStateDarkMeteorite_Start.h">
      <Filter>Lich</Filter>
    </ClInclude>
    <ClInclude Include="LichStateDarkMeteorite_Main.h">
      <Filter>Lich</Filter>
    </ClInclude>
    <ClInclude Include="LichAction.h">
      <Filter>Lich</Filter>
    </ClInclude>
    <ClInclude Include="Slime.h">
      <Filter>Slime</Filter>
    </ClInclude>
    <ClInclude Include="HeroStateDamage.h">
      <Filter>Hero</Filter>
    </ClInclude>
    <ClInclude Include="LichStateDarkMeteorite_End.h">
      <Filter>Lich</Filter>
    </ClInclude>
    <ClInclude Include="DarkMeteorite.h">
      <Filter>Lich</Filter>
    </ClInclude>
    <ClInclude Include="DarkWall.h">
      <Filter>Lich</Filter>
    </ClInclude>
    <ClInclude Include="Meteo.h">
      <Filter>Lich</Filter>
    </ClInclude>
    <ClInclude Include="WizardStateDamage.h">
      <Filter>Wizard</Filter>
    </ClInclude>
    <ClInclude Include="TurtleShell.h">
      <Filter>TurtleShell</Filter>
    </ClInclude>
    <ClInclude Include="Cactus.h">
      <Filter>Cactus</Filter>
    </ClInclude>
    <ClInclude Include="Mushroom.h">
      <Filter>Mushroom</Filter>
    </ClInclude>
    <ClInclude Include="ISlimeState.h">
      <Filter>Slime</Filter>
    </ClInclude>
    <ClInclude Include="LichStateSummon.h">
      <Filter>Lich</Filter>
    </ClInclude>
    <ClInclude Include="Summon.h">
      <Filter>Lich</Filter>
    </ClInclude>
    <ClInclude Include="SlimeStateAttack.h">
      <Filter>Slime</Filter>
    </ClInclude>
    <ClInclude Include="SlimeStateDamage.h">
      <Filter>Slime</Filter>
    </ClInclude>
    <ClInclude Include="SlimeStateDie.h">
      <Filter>Slime</Filter>
    </ClInclude>
    <ClInclude Include="SlimeStateIdle.h">
      <Filter>Slime</Filter>
    </ClInclude>
    <ClInclude Include="SlimeStateVictory.h">
      <Filter>Slime</Filter>
    </ClInclude>
    <ClInclude Include="SlimeStateWalk.h">
      <Filter>Slime</Filter>
    </ClInclude>
    <ClInclude Include="TurtleShellStateAttack_1.h">
      <Filter>TurtleShell</Filter>
    </ClInclude>
    <ClInclude Include="TurtleShellStateAttack_2.h">
      <Filter>TurtleShell</Filter>
    </ClInclude>
    <ClInclude Include="TurtleShellStateDamage.h">
      <Filter>TurtleShell</Filter>
    </ClInclude>
    <ClInclude Include="TurtleShellStateDie.h">
      <Filter>TurtleShell</Filter>
    </ClInclude>
    <ClInclude Include="TurtleShellStateDifence.h">
      <Filter>TurtleShell</Filter>
    </ClInclude>
    <ClInclude Include="TurtleShellStateDifenceDamage.h">
      <Filter>TurtleShell</Filter>
    </ClInclude>
    <ClInclude Include="TurtleShellStateIdle.h">
      <Filter>TurtleShell</Filter>
    </ClInclude>
    <ClInclude Include="TurtleShellStateVictory.h">
      <Filter>TurtleShell</Filter>
    </ClInclude>
    <ClInclude Include="TurtleShellStateWalk.h">
      <Filter>TurtleShell</Filter>
    </ClInclude>
    <ClInclude Include="ITurtleShellState.h">
      <Filter>TurtleShell</Filter>
    </ClInclude>
    <ClInclude Include="MushroomStateAttack_1.h">
      <Filter>Mushroom</Filter>
    </ClInclude>
    <ClInclude Include="MushroomStateAttack_2.h">
      <Filter>Mushroom</Filter>
    </ClInclude>
    <ClInclude Include="MushroomStateDamage.h">
      <Filter>Mushroom</Filter>
    </ClInclude>
    <ClInclude Include="MushroomStateDie.h">
      <Filter>Mushroom</Filter>
    </ClInclude>
    <ClInclude Include="MushroomStateIdle.h">
      <Filter>Mushroom</Filter>
    </ClInclude>
    <ClInclude Include="MushroomStateVictory.h">
      <Filter>Mushroom</Filter>
    </ClInclude>
    <ClInclude Include="MushroomStateWalk.h">
      <Filter>Mushroom</Filter>
    </ClInclude>
    <ClInclude Include="IMushroomState.h">
      <Filter>Mushroom</Filter>
    </ClInclude>
    <ClInclude Include="CactusStateAttack_1.h">
      <Filter>Cactus</Filter>
    </ClInclude>
    <ClInclude Include="CactusStateAttack_2.h">
      <Filter>Cactus</Filter>
    </ClInclude>
    <ClInclude Include="CactusStateDamage.h">
      <Filter>Cactus</Filter>
    </ClInclude>
    <ClInclude Include="CactusStateDie.h">
      <Filter>Cactus</Filter>
    </ClInclude>
    <ClInclude Include="CactusStateIdle.h">
      <Filter>Cactus</Filter>
    </ClInclude>
    <ClInclude Include="CactusStatePlant.h">
      <Filter>Cactus</Filter>
    </ClInclude>
    <ClInclude Include="CactusStatePlantToBattle.h">
      <Filter>Cactus</Filter>
    </ClInclude>
    <ClInclude Include="CactusStateRun.h">
      <Filter>Cactus</Filter>
    </ClInclude>
    <ClInclude Include="CactusStateVictory.h">
      <Filter>Cactus</Filter>
    </ClInclude>
    <ClInclude Include="ICactusState.h">
      <Filter>Cactus</Filter>
    </ClInclude>
    <ClInclude Include="GameManager.h" />
    <ClInclude Include="LichStateVictory.h">
      <Filter>Lich</Filter>
    </ClInclude>
    <ClInclude Include="GameUI.h" />
  </ItemGroup>
</Project>