<?xml version="1.0" encoding="utf-8"?>
<Project ToolsVersion="4.0" xmlns="http://schemas.microsoft.com/developer/msbuild/2003">
  <ItemGroup>
    <Filter Include="system">
      <UniqueIdentifier>{22dd8095-74f9-46df-81a1-36675a040b1f}</UniqueIdentifier>
    </Filter>
    <Filter Include="Weapons">
      <UniqueIdentifier>{d8445f81-0a79-4ad9-9f94-409a2b4e6cdc}</UniqueIdentifier>
    </Filter>
    <Filter Include="Manager">
      <UniqueIdentifier>{9f0853ec-296c-4466-874e-f835c5ab2ee1}</UniqueIdentifier>
    </Filter>
    <Filter Include="Wave">
      <UniqueIdentifier>{e989cdb3-5d93-48ad-a7d3-26a66c05d2dc}</UniqueIdentifier>
    </Filter>
    <Filter Include="Manager\GameManager">
      <UniqueIdentifier>{0866b6f5-5912-4f20-a7b8-7ac56bf5c050}</UniqueIdentifier>
    </Filter>
    <Filter Include="Manager\GameManager\SceneManager">
      <UniqueIdentifier>{d85db11e-e975-4d14-8250-4a7e56325911}</UniqueIdentifier>
    </Filter>
    <Filter Include="Manager\GameManager\SceneManager\SceneState">
      <UniqueIdentifier>{d2c93985-6b75-4da9-a01e-50bb916c4899}</UniqueIdentifier>
    </Filter>
    <Filter Include="Characters">
      <UniqueIdentifier>{edd10763-04bd-4799-b1ba-1576052b0094}</UniqueIdentifier>
    </Filter>
    <Filter Include="Component">
      <UniqueIdentifier>{dbfd1e5e-ac6a-49a0-92bb-d586ce140ef5}</UniqueIdentifier>
    </Filter>
  </ItemGroup>
  <ItemGroup>
    <ClCompile Include="stdafx.cpp" />
    <ClCompile Include="main.cpp" />
    <ClCompile Include="system\system.cpp">
      <Filter>system</Filter>
    </ClCompile>
    <ClCompile Include="Game.cpp" />
    <ClCompile Include="GameCamera.cpp" />
    <ClCompile Include="Status.cpp" />
    <ClCompile Include="BossStage1.cpp" />
    <ClCompile Include="Title.cpp" />
    <ClCompile Include="Result.cpp" />
    <ClCompile Include="GameUI.cpp" />
    <ClCompile Include="DamageFont.cpp" />
    <ClCompile Include="Fade.cpp" />
    <ClCompile Include="EntryBoss.cpp" />
    <ClCompile Include="BattleStart.cpp" />
    <ClCompile Include="InitEffect.cpp" />
    <ClCompile Include="SoundFile.cpp" />
    <ClCompile Include="KnockBack.cpp" />
    <ClCompile Include="HitDetection.cpp" />
    <ClCompile Include="ManagerPreCompile.cpp">
      <Filter>Manager</Filter>
    </ClCompile>
    <ClCompile Include="Pause.cpp" />
    <ClCompile Include="GameFinishCamera.cpp" />
    <ClCompile Include="Loading.cpp" />
    <ClCompile Include="WaveTimer.cpp">
      <Filter>Wave</Filter>
    </ClCompile>
    <ClCompile Include="GameSceneContext.cpp">
      <Filter>Manager\GameManager\SceneManager\SceneState</Filter>
    </ClCompile>
    <ClCompile Include="GameScene_Game.cpp">
      <Filter>Manager\GameManager\SceneManager\SceneState</Filter>
    </ClCompile>
    <ClCompile Include="GameScene_GameStart.cpp">
      <Filter>Manager\GameManager\SceneManager\SceneState</Filter>
    </ClCompile>
    <ClCompile Include="GameScene_Result.cpp">
      <Filter>Manager\GameManager\SceneManager\SceneState</Filter>
    </ClCompile>
    <ClCompile Include="GameScene_Title.cpp">
      <Filter>Manager\GameManager\SceneManager\SceneState</Filter>
    </ClCompile>
    <ClCompile Include="GameScene_Pause.cpp" />
    <ClCompile Include="GameScene_AppearanceBoss.cpp" />
    <ClCompile Include="GameSceneManager.cpp">
      <Filter>Manager\GameManager\SceneManager</Filter>
    </ClCompile>
    <ClCompile Include="ICharacter.cpp">
      <Filter>Characters</Filter>
    </ClCompile>
    <ClCompile Include="CharacterBase.cpp" />
    <ClCompile Include="CharacterMovement.cpp" />
  </ItemGroup>
  <ItemGroup>
    <ClInclude Include="stdafx.h" />
    <ClInclude Include="system\system.h">
      <Filter>system</Filter>
    </ClInclude>
    <ClInclude Include="Game.h" />
    <ClInclude Include="GameCamera.h" />
    <ClInclude Include="Status.h" />
    <ClInclude Include="BossStage1.h" />
    <ClInclude Include="Title.h" />
    <ClInclude Include="Result.h" />
    <ClInclude Include="GameUI.h" />
    <ClInclude Include="DamageFont.h" />
    <ClInclude Include="Fade.h" />
    <ClInclude Include="EntryBoss.h" />
    <ClInclude Include="BattleStart.h" />
    <ClInclude Include="InitEffect.h" />
    <ClInclude Include="SoundFile.h" />
    <ClInclude Include="MyWeapon.h" />
    <ClInclude Include="KnockBack.h" />
    <ClInclude Include="HitDetection.h" />
    <ClInclude Include="ManagerPreCompile.h">
      <Filter>Manager</Filter>
    </ClInclude>
    <ClInclude Include="Pause.h" />
    <ClInclude Include="GameFinishCamera.h" />
    <ClInclude Include="Loading.h" />
    <ClInclude Include="MobMonstersList.h" />
    <ClInclude Include="WaveTimer.h">
      <Filter>Wave</Filter>
    </ClInclude>
    <ClInclude Include="GameSceneContext.h">
      <Filter>Manager\GameManager\SceneManager\SceneState</Filter>
    </ClInclude>
    <ClInclude Include="IGameSceneState.h">
      <Filter>Manager\GameManager\SceneManager\SceneState</Filter>
    </ClInclude>
    <ClInclude Include="GameScene_Game.h">
      <Filter>Manager\GameManager\SceneManager\SceneState</Filter>
    </ClInclude>
    <ClInclude Include="GameScene_GameStart.h">
      <Filter>Manager\GameManager\SceneManager\SceneState</Filter>
    </ClInclude>
    <ClInclude Include="GameScene_Result.h">
      <Filter>Manager\GameManager\SceneManager\SceneState</Filter>
    </ClInclude>
    <ClInclude Include="GameScene_Title.h">
      <Filter>Manager\GameManager\SceneManager\SceneState</Filter>
    </ClInclude>
    <ClInclude Include="GameScene_Pause.h" />
    <ClInclude Include="GameScene_AppearanceBoss.h" />
    <ClInclude Include="AllGameSceneState.h">
      <Filter>Manager\GameManager\SceneManager</Filter>
    </ClInclude>
    <ClInclude Include="GameSceneManager.h">
      <Filter>Manager\GameManager\SceneManager</Filter>
    </ClInclude>
    <ClInclude Include="ICharacter.h">
      <Filter>Characters</Filter>
    </ClInclude>
    <ClInclude Include="CharacterBase.h" />
    <ClInclude Include="CharacterMovement.h" />
    <ClInclude Include="Component.h">
      <Filter>Component</Filter>
    </ClInclude>
  </ItemGroup>
</Project>