<?xml version="1.0" encoding="utf-8"?>
<Project ToolsVersion="4.0" xmlns="http://schemas.microsoft.com/developer/msbuild/2003">
  <ItemGroup>
    <Filter Include="system">
      <UniqueIdentifier>{22dd8095-74f9-46df-81a1-36675a040b1f}</UniqueIdentifier>
    </Filter>
    <Filter Include="Weapons">
      <UniqueIdentifier>{d8445f81-0a79-4ad9-9f94-409a2b4e6cdc}</UniqueIdentifier>
    </Filter>
    <Filter Include="Manager">
      <UniqueIdentifier>{9f0853ec-296c-4466-874e-f835c5ab2ee1}</UniqueIdentifier>
    </Filter>
    <Filter Include="Character">
      <UniqueIdentifier>{c6a7755c-61b3-4dc5-886f-172e407a71be}</UniqueIdentifier>
    </Filter>
    <Filter Include="Character\Player">
      <UniqueIdentifier>{5c3cc85a-f283-4f3b-b352-cd2c32fc0feb}</UniqueIdentifier>
    </Filter>
    <Filter Include="Character\Monster">
      <UniqueIdentifier>{6df1f376-901f-4c7b-b6f9-1d478a9d2f21}</UniqueIdentifier>
    </Filter>
    <Filter Include="Character\Monster\MobMonster">
      <UniqueIdentifier>{10980145-dc75-4358-bbe2-827223ebeae3}</UniqueIdentifier>
    </Filter>
    <Filter Include="Character\Monster\MobMonster\Mushroom">
      <UniqueIdentifier>{171f71e6-9381-4839-b187-14e7805cd952}</UniqueIdentifier>
    </Filter>
    <Filter Include="Character\Monster\MobMonster\Cactus">
      <UniqueIdentifier>{28bbc3b2-cb0f-4038-92f3-4593b9b6d9f5}</UniqueIdentifier>
    </Filter>
    <Filter Include="Character\Monster\MobMonster\Slime">
      <UniqueIdentifier>{2e495790-ee8d-4c1e-b20d-3dd2252b068a}</UniqueIdentifier>
    </Filter>
    <Filter Include="Character\Monster\MobMonster\TurtleShell">
      <UniqueIdentifier>{eaba4644-52df-49e7-ab11-46b649af7b1e}</UniqueIdentifier>
    </Filter>
    <Filter Include="Character\Monster\BossMonster">
      <UniqueIdentifier>{4317407a-a963-4bc5-bfff-fe1016c03c36}</UniqueIdentifier>
    </Filter>
    <Filter Include="Character\Monster\BossMonster\Lich">
      <UniqueIdentifier>{21da61a7-d81b-459b-b221-5b31fa8ed969}</UniqueIdentifier>
    </Filter>
    <Filter Include="Character\Monster\BossMonster\Lich\LichState">
      <UniqueIdentifier>{b43f38ad-e33f-4abf-b302-e1d16b580fe2}</UniqueIdentifier>
    </Filter>
    <Filter Include="Character\Player\Brave">
      <UniqueIdentifier>{cb6cd09f-fc8e-4001-a80a-8ce928ff27df}</UniqueIdentifier>
    </Filter>
    <Filter Include="Character\Player\Brave\BraveState">
      <UniqueIdentifier>{10694726-74fe-4cc9-92b3-f39e4854081d}</UniqueIdentifier>
    </Filter>
    <Filter Include="Character\Monster\BossMonster\Summoner">
      <UniqueIdentifier>{a01f4965-0644-4283-956f-46c41ff3c29d}</UniqueIdentifier>
    </Filter>
    <Filter Include="Character\Monster\BossMonster\Summoner\SummonerState">
      <UniqueIdentifier>{8823fa93-d69b-4b1f-9b47-a660d16975f6}</UniqueIdentifier>
    </Filter>
  </ItemGroup>
  <ItemGroup>
    <ClCompile Include="stdafx.cpp" />
    <ClCompile Include="main.cpp" />
    <ClCompile Include="system\system.cpp">
      <Filter>system</Filter>
    </ClCompile>
    <ClCompile Include="Game.cpp" />
    <ClCompile Include="GameCamera.cpp" />
    <ClCompile Include="Status.cpp" />
    <ClCompile Include="BossStage1.cpp" />
    <ClCompile Include="Title.cpp" />
    <ClCompile Include="Result.cpp" />
    <ClCompile Include="Lich.cpp">
      <Filter>Character\Monster\BossMonster\Lich</Filter>
    </ClCompile>
    <ClCompile Include="LichAction.cpp">
      <Filter>Character\Monster\BossMonster\Lich</Filter>
    </ClCompile>
    <ClCompile Include="Slime.cpp">
      <Filter>Character\Monster\MobMonster\Slime</Filter>
    </ClCompile>
    <ClCompile Include="DarkMeteorite.cpp">
      <Filter>Character\Monster\BossMonster\Lich</Filter>
    </ClCompile>
    <ClCompile Include="DarkWall.cpp">
      <Filter>Character\Monster\BossMonster\Lich</Filter>
    </ClCompile>
    <ClCompile Include="TurtleShell.cpp">
      <Filter>Character\Monster\MobMonster\TurtleShell</Filter>
    </ClCompile>
    <ClCompile Include="Cactus.cpp">
      <Filter>Character\Monster\MobMonster\Cactus</Filter>
    </ClCompile>
    <ClCompile Include="Mushroom.cpp">
      <Filter>Character\Monster\MobMonster\Mushroom</Filter>
    </ClCompile>
    <ClCompile Include="Summon.cpp">
      <Filter>Character\Monster\BossMonster\Lich</Filter>
    </ClCompile>
    <ClCompile Include="SlimeStateAttack.cpp">
      <Filter>Character\Monster\MobMonster\Slime</Filter>
    </ClCompile>
    <ClCompile Include="SlimeStateDamage.cpp">
      <Filter>Character\Monster\MobMonster\Slime</Filter>
    </ClCompile>
    <ClCompile Include="SlimeStateDie.cpp">
      <Filter>Character\Monster\MobMonster\Slime</Filter>
    </ClCompile>
    <ClCompile Include="SlimeStateIdle.cpp">
      <Filter>Character\Monster\MobMonster\Slime</Filter>
    </ClCompile>
    <ClCompile Include="SlimeStateVictory.cpp">
      <Filter>Character\Monster\MobMonster\Slime</Filter>
    </ClCompile>
    <ClCompile Include="SlimeStateWalk.cpp">
      <Filter>Character\Monster\MobMonster\Slime</Filter>
    </ClCompile>
    <ClCompile Include="TurtleShellStateAttack_1.cpp">
      <Filter>Character\Monster\MobMonster\TurtleShell</Filter>
    </ClCompile>
    <ClCompile Include="TurtleShellStateDamage.cpp">
      <Filter>Character\Monster\MobMonster\TurtleShell</Filter>
    </ClCompile>
    <ClCompile Include="TurtleShellStateDie.cpp">
      <Filter>Character\Monster\MobMonster\TurtleShell</Filter>
    </ClCompile>
    <ClCompile Include="TurtleShellStateIdle.cpp">
      <Filter>Character\Monster\MobMonster\TurtleShell</Filter>
    </ClCompile>
    <ClCompile Include="TurtleShellStateVictory.cpp">
      <Filter>Character\Monster\MobMonster\TurtleShell</Filter>
    </ClCompile>
    <ClCompile Include="MushroomStateAttack_1.cpp">
      <Filter>Character\Monster\MobMonster\Mushroom</Filter>
    </ClCompile>
    <ClCompile Include="MushroomStateDamage.cpp">
      <Filter>Character\Monster\MobMonster\Mushroom</Filter>
    </ClCompile>
    <ClCompile Include="MushroomStateDie.cpp">
      <Filter>Character\Monster\MobMonster\Mushroom</Filter>
    </ClCompile>
    <ClCompile Include="MushroomStateIdle.cpp">
      <Filter>Character\Monster\MobMonster\Mushroom</Filter>
    </ClCompile>
    <ClCompile Include="MushroomStateVictory.cpp">
      <Filter>Character\Monster\MobMonster\Mushroom</Filter>
    </ClCompile>
    <ClCompile Include="MushroomStateWalk.cpp">
      <Filter>Character\Monster\MobMonster\Mushroom</Filter>
    </ClCompile>
    <ClCompile Include="CactusStateAttack_1.cpp">
      <Filter>Character\Monster\MobMonster\Cactus</Filter>
    </ClCompile>
    <ClCompile Include="CactusStateDamage.cpp">
      <Filter>Character\Monster\MobMonster\Cactus</Filter>
    </ClCompile>
    <ClCompile Include="CactusStateDie.cpp">
      <Filter>Character\Monster\MobMonster\Cactus</Filter>
    </ClCompile>
    <ClCompile Include="CactusStateIdle.cpp">
      <Filter>Character\Monster\MobMonster\Cactus</Filter>
    </ClCompile>
    <ClCompile Include="CactusStateRun.cpp">
      <Filter>Character\Monster\MobMonster\Cactus</Filter>
    </ClCompile>
    <ClCompile Include="CactusStateVictory.cpp">
      <Filter>Character\Monster\MobMonster\Cactus</Filter>
    </ClCompile>
    <ClCompile Include="GameUI.cpp" />
    <ClCompile Include="DamageFont.cpp" />
    <ClCompile Include="Fade.cpp" />
    <ClCompile Include="EntryBoss.cpp" />
    <ClCompile Include="BattleStart.cpp" />
    <ClCompile Include="MobMonster.cpp">
      <Filter>Character\Monster\MobMonster</Filter>
    </ClCompile>
    <ClCompile Include="MushroomStateAppear.cpp">
      <Filter>Character\Monster\MobMonster\Mushroom</Filter>
    </ClCompile>
    <ClCompile Include="SlimeStateAppear.cpp">
      <Filter>Character\Monster\MobMonster\Slime</Filter>
    </ClCompile>
    <ClCompile Include="CactusStateAppear.cpp">
      <Filter>Character\Monster\MobMonster\Cactus</Filter>
    </ClCompile>
    <ClCompile Include="InitEffect.cpp" />
    <ClCompile Include="TurtleShellStateAppear.cpp">
      <Filter>Character\Monster\MobMonster\TurtleShell</Filter>
    </ClCompile>
    <ClCompile Include="MagicBall.cpp" />
    <ClCompile Include="DarkBall.cpp">
      <Filter>Character\Monster\BossMonster\Lich</Filter>
    </ClCompile>
    <ClCompile Include="SoundFile.cpp" />
    <ClCompile Include="CascadModel.cpp" />
    <ClCompile Include="Brave.cpp">
      <Filter>Character\Player\Brave</Filter>
    </ClCompile>
    <ClCompile Include="IWeapon.cpp">
      <Filter>Weapons</Filter>
    </ClCompile>
    <ClCompile Include="SwordShield.cpp">
      <Filter>Weapons</Filter>
    </ClCompile>
    <ClCompile Include="BigSword.cpp">
      <Filter>Weapons</Filter>
    </ClCompile>
    <ClCompile Include="EventManager.cpp">
      <Filter>Manager</Filter>
    </ClCompile>
    <ClCompile Include="GameManager.cpp">
      <Filter>Manager</Filter>
    </ClCompile>
    <ClCompile Include="WeaponManager.cpp">
      <Filter>Manager</Filter>
    </ClCompile>
    <ClCompile Include="SelectWeapon.cpp" />
    <ClCompile Include="KnockBack.cpp" />
    <ClCompile Include="Bow.cpp">
      <Filter>Weapons</Filter>
    </ClCompile>
    <ClCompile Include="Arrow.cpp">
      <Filter>Weapons</Filter>
    </ClCompile>
    <ClCompile Include="HitDetection.cpp" />
    <ClCompile Include="LichStateAngry.cpp">
      <Filter>Character\Monster\BossMonster\Lich\LichState</Filter>
    </ClCompile>
    <ClCompile Include="LichStateAttack_1.cpp">
      <Filter>Character\Monster\BossMonster\Lich\LichState</Filter>
    </ClCompile>
    <ClCompile Include="LichStateAttack_2.cpp">
      <Filter>Character\Monster\BossMonster\Lich\LichState</Filter>
    </ClCompile>
    <ClCompile Include="LichStateDamage.cpp">
      <Filter>Character\Monster\BossMonster\Lich\LichState</Filter>
    </ClCompile>
    <ClCompile Include="LichStateDarkMeteorite_End.cpp">
      <Filter>Character\Monster\BossMonster\Lich\LichState</Filter>
    </ClCompile>
    <ClCompile Include="LichStateDarkMeteorite_Main.cpp">
      <Filter>Character\Monster\BossMonster\Lich\LichState</Filter>
    </ClCompile>
    <ClCompile Include="LichStateDarkMeteorite_Start.cpp">
      <Filter>Character\Monster\BossMonster\Lich\LichState</Filter>
    </ClCompile>
    <ClCompile Include="LichStateDie.cpp">
      <Filter>Character\Monster\BossMonster\Lich\LichState</Filter>
    </ClCompile>
    <ClCompile Include="LichStateIdle.cpp">
      <Filter>Character\Monster\BossMonster\Lich\LichState</Filter>
    </ClCompile>
    <ClCompile Include="LichStateSummon.cpp">
      <Filter>Character\Monster\BossMonster\Lich\LichState</Filter>
    </ClCompile>
    <ClCompile Include="LichStateVictory.cpp">
      <Filter>Character\Monster\BossMonster\Lich\LichState</Filter>
    </ClCompile>
    <ClCompile Include="LichStateWalk.cpp">
      <Filter>Character\Monster\BossMonster\Lich\LichState</Filter>
    </ClCompile>
    <ClCompile Include="LichStateWarp.cpp">
      <Filter>Character\Monster\BossMonster\Lich\LichState</Filter>
    </ClCompile>
    <ClCompile Include="BraveStateAttack_1.cpp">
      <Filter>Character\Player\Brave\BraveState</Filter>
    </ClCompile>
    <ClCompile Include="BraveStateAttack_2.cpp">
      <Filter>Character\Player\Brave\BraveState</Filter>
    </ClCompile>
    <ClCompile Include="BraveStateAttack_3.cpp">
      <Filter>Character\Player\Brave\BraveState</Filter>
    </ClCompile>
    <ClCompile Include="BraveStateChangeSwordShield.cpp">
      <Filter>Character\Player\Brave\BraveState</Filter>
    </ClCompile>
    <ClCompile Include="BraveStateDefend.cpp">
      <Filter>Character\Player\Brave\BraveState</Filter>
    </ClCompile>
    <ClCompile Include="BraveStateDefendHit.cpp">
      <Filter>Character\Player\Brave\BraveState</Filter>
    </ClCompile>
    <ClCompile Include="BraveStateDie.cpp">
      <Filter>Character\Player\Brave\BraveState</Filter>
    </ClCompile>
    <ClCompile Include="BraveStateHit.cpp">
      <Filter>Character\Player\Brave\BraveState</Filter>
    </ClCompile>
    <ClCompile Include="BraveStateIdle.cpp">
      <Filter>Character\Player\Brave\BraveState</Filter>
    </ClCompile>
    <ClCompile Include="BraveStateSkill_Main.cpp">
      <Filter>Character\Player\Brave\BraveState</Filter>
    </ClCompile>
    <ClCompile Include="BraveStateSkill_Start.cpp">
      <Filter>Character\Player\Brave\BraveState</Filter>
    </ClCompile>
    <ClCompile Include="BraveStateSprint.cpp">
      <Filter>Character\Player\Brave\BraveState</Filter>
    </ClCompile>
    <ClCompile Include="BraveStateWin_Main.cpp">
      <Filter>Character\Player\Brave\BraveState</Filter>
    </ClCompile>
    <ClCompile Include="BraveStateWin_Start.cpp">
      <Filter>Character\Player\Brave\BraveState</Filter>
    </ClCompile>
    <ClCompile Include="ManagerPreCompile.cpp">
      <Filter>Manager</Filter>
    </ClCompile>
    <ClCompile Include="WeaponBase.cpp">
      <Filter>Weapons</Filter>
    </ClCompile>
    <ClCompile Include="CharactersInfoManager.cpp">
      <Filter>Manager</Filter>
    </ClCompile>
    <ClCompile Include="BossBase.cpp">
      <Filter>Character\Monster\BossMonster</Filter>
    </ClCompile>
    <ClCompile Include="Actor.cpp">
      <Filter>Character\Player</Filter>
    </ClCompile>
    <ClCompile Include="AIActor.cpp">
      <Filter>Character\Monster</Filter>
    </ClCompile>
    <ClCompile Include="MonsterBase.cpp">
      <Filter>Character\Monster</Filter>
    </ClCompile>
    <ClCompile Include="Summoner.cpp">
      <Filter>Character\Monster\BossMonster\Summoner</Filter>
    </ClCompile>
    <ClCompile Include="SummonerState_DarkBall.cpp">
      <Filter>Character\Monster\BossMonster\Summoner\SummonerState</Filter>
    </ClCompile>
    <ClCompile Include="SummonerState_Idle.cpp">
      <Filter>Character\Monster\BossMonster\Summoner\SummonerState</Filter>
    </ClCompile>
    <ClCompile Include="SummonerState_DarkWall.cpp">
      <Filter>Character\Monster\BossMonster\Summoner\SummonerState</Filter>
    </ClCompile>
    <ClCompile Include="IBossStateMachine.cpp">
      <Filter>Character\Monster\BossMonster</Filter>
    </ClCompile>
    <ClCompile Include="SummonerState_KnockBack.cpp">
      <Filter>Character\Monster\BossMonster\Summoner\SummonerState</Filter>
    </ClCompile>
    <ClCompile Include="SummonerState_NAttack_1.cpp">
      <Filter>Character\Monster\BossMonster\Summoner\SummonerState</Filter>
    </ClCompile>
    <ClCompile Include="SummonerState_NAttack_2.cpp">
      <Filter>Character\Monster\BossMonster\Summoner\SummonerState</Filter>
    </ClCompile>
    <ClCompile Include="SummonerState_NAttack_3.cpp">
      <Filter>Character\Monster\BossMonster\Summoner\SummonerState</Filter>
    </ClCompile>
    <ClCompile Include="Pause.cpp" />
    <ClCompile Include="BattlePhase.cpp" />
    <ClCompile Include="Boss.cpp" />
    <ClCompile Include="GameFinishCamera.cpp" />
    <ClCompile Include="SummonerState_Angry.cpp">
      <Filter>Character\Monster\BossMonster\Summoner\SummonerState</Filter>
    </ClCompile>
    <ClCompile Include="SummonerState_Command.cpp">
      <Filter>Character\Monster\BossMonster\Summoner\SummonerState</Filter>
    </ClCompile>
    <ClCompile Include="SummonerState_Die.cpp">
      <Filter>Character\Monster\BossMonster\Summoner\SummonerState</Filter>
    </ClCompile>
    <ClCompile Include="SummonerState_Hit.cpp">
      <Filter>Character\Monster\BossMonster\Summoner\SummonerState</Filter>
    </ClCompile>
    <ClCompile Include="SummonerState_Summon.cpp">
      <Filter>Character\Monster\BossMonster\Summoner\SummonerState</Filter>
    </ClCompile>
    <ClCompile Include="SummonerState_Victory.cpp">
      <Filter>Character\Monster\BossMonster\Summoner\SummonerState</Filter>
    </ClCompile>
    <ClCompile Include="SummonerState_Walk.cpp">
      <Filter>Character\Monster\BossMonster\Summoner\SummonerState</Filter>
    </ClCompile>
    <ClCompile Include="SummonerState_Warp.cpp">
      <Filter>Character\Monster\BossMonster\Summoner\SummonerState</Filter>
    </ClCompile>
    <ClCompile Include="SlimeStateChase.cpp">
      <Filter>Character\Monster\MobMonster\Slime</Filter>
    </ClCompile>
    <ClCompile Include="SlimeStatePatrol.cpp">
      <Filter>Character\Monster\MobMonster\Slime</Filter>
    </ClCompile>
    <ClCompile Include="SlimeStateSkill.cpp">
      <Filter>Character\Monster\MobMonster\Slime</Filter>
    </ClCompile>
    <ClCompile Include="CactusStateChase.cpp">
      <Filter>Character\Monster\MobMonster\Cactus</Filter>
    </ClCompile>
    <ClCompile Include="CactusStatePatrol.cpp">
      <Filter>Character\Monster\MobMonster\Cactus</Filter>
    </ClCompile>
    <ClCompile Include="CactusStateSkill.cpp">
      <Filter>Character\Monster\MobMonster\Cactus</Filter>
    </ClCompile>
    <ClCompile Include="MushroomStateChase.cpp">
      <Filter>Character\Monster\MobMonster\Mushroom</Filter>
    </ClCompile>
    <ClCompile Include="MushroomStatePatrol.cpp">
      <Filter>Character\Monster\MobMonster\Mushroom</Filter>
    </ClCompile>
    <ClCompile Include="MushroomStateSkill.cpp">
      <Filter>Character\Monster\MobMonster\Mushroom</Filter>
    </ClCompile>
    <ClCompile Include="SummonerState_DMeteo_Main.cpp">
      <Filter>Character\Monster\BossMonster\Summoner\SummonerState</Filter>
    </ClCompile>
    <ClCompile Include="SummonerState_DMeteo_Start.cpp">
      <Filter>Character\Monster\BossMonster\Summoner\SummonerState</Filter>
    </ClCompile>
    <ClCompile Include="Player.cpp">
      <Filter>Character\Player</Filter>
    </ClCompile>
    <ClCompile Include="Meteo.cpp">
      <Filter>Character\Monster\BossMonster\Summoner</Filter>
    </ClCompile>
    <ClCompile Include="DarkMeteo.cpp">
      <Filter>Character\Monster\BossMonster\Summoner</Filter>
    </ClCompile>
    <ClCompile Include="BraveStateKnockBack.cpp">
      <Filter>Character\Player\Brave\BraveState</Filter>
    </ClCompile>
    <ClCompile Include="SummonerState_DarkSpearEnd.cpp">
      <Filter>Character\Monster\BossMonster\Summoner\SummonerState</Filter>
    </ClCompile>
    <ClCompile Include="SummonerState_DarkSpearMain.cpp">
      <Filter>Character\Monster\BossMonster\Summoner\SummonerState</Filter>
    </ClCompile>
    <ClCompile Include="SummonerState_DarkSpearStart.cpp">
      <Filter>Character\Monster\BossMonster\Summoner\SummonerState</Filter>
    </ClCompile>
    <ClCompile Include="SummonerStateEat.cpp">
      <Filter>Character\Monster\BossMonster\Summoner\SummonerState</Filter>
    </ClCompile>
    <ClCompile Include="TurtleShellStateChase.cpp">
      <Filter>Character\Monster\MobMonster\TurtleShell</Filter>
    </ClCompile>
    <ClCompile Include="TurtleShellStatePatrol.cpp">
      <Filter>Character\Monster\MobMonster\TurtleShell</Filter>
    </ClCompile>
    <ClCompile Include="TurtleShellStateSkill.cpp">
      <Filter>Character\Monster\MobMonster\TurtleShell</Filter>
    </ClCompile>
    <ClCompile Include="DarkSpear.cpp" />
    <ClCompile Include="DarkSpearObj.cpp" />
    <ClCompile Include="IMobStateMachine.cpp">
      <Filter>Character\Monster\MobMonster</Filter>
    </ClCompile>
    <ClCompile Include="MobMonsterActionList.cpp">
      <Filter>Character\Monster\MobMonster</Filter>
    </ClCompile>
    <ClCompile Include="SummonerSM_Attack.cpp" />
    <ClCompile Include="SummonerSM_Vigilance.cpp" />
    <ClCompile Include="MobMonsterSM_Patrol.cpp" />
    <ClCompile Include="MobMonsterSM_Chase.cpp" />
  </ItemGroup>
  <ItemGroup>
    <ClInclude Include="stdafx.h" />
    <ClInclude Include="system\system.h">
      <Filter>system</Filter>
    </ClInclude>
    <ClInclude Include="Game.h" />
    <ClInclude Include="GameCamera.h" />
    <ClInclude Include="Status.h" />
    <ClInclude Include="BossStage1.h" />
    <ClInclude Include="Title.h" />
    <ClInclude Include="Result.h" />
    <ClInclude Include="Lich.h">
      <Filter>Character\Monster\BossMonster\Lich</Filter>
    </ClInclude>
    <ClInclude Include="LichAction.h">
      <Filter>Character\Monster\BossMonster\Lich</Filter>
    </ClInclude>
    <ClInclude Include="Slime.h">
      <Filter>Character\Monster\MobMonster\Slime</Filter>
    </ClInclude>
    <ClInclude Include="DarkMeteorite.h">
      <Filter>Character\Monster\BossMonster\Lich</Filter>
    </ClInclude>
    <ClInclude Include="DarkWall.h">
      <Filter>Character\Monster\BossMonster\Lich</Filter>
    </ClInclude>
    <ClInclude Include="TurtleShell.h">
      <Filter>Character\Monster\MobMonster\TurtleShell</Filter>
    </ClInclude>
    <ClInclude Include="Cactus.h">
      <Filter>Character\Monster\MobMonster\Cactus</Filter>
    </ClInclude>
    <ClInclude Include="Mushroom.h">
      <Filter>Character\Monster\MobMonster\Mushroom</Filter>
    </ClInclude>
    <ClInclude Include="ISlimeState.h">
      <Filter>Character\Monster\MobMonster\Slime</Filter>
    </ClInclude>
    <ClInclude Include="Summon.h">
      <Filter>Character\Monster\BossMonster\Lich</Filter>
    </ClInclude>
    <ClInclude Include="SlimeStateAttack.h">
      <Filter>Character\Monster\MobMonster\Slime</Filter>
    </ClInclude>
    <ClInclude Include="SlimeStateDamage.h">
      <Filter>Character\Monster\MobMonster\Slime</Filter>
    </ClInclude>
    <ClInclude Include="SlimeStateDie.h">
      <Filter>Character\Monster\MobMonster\Slime</Filter>
    </ClInclude>
    <ClInclude Include="SlimeStateIdle.h">
      <Filter>Character\Monster\MobMonster\Slime</Filter>
    </ClInclude>
    <ClInclude Include="SlimeStateVictory.h">
      <Filter>Character\Monster\MobMonster\Slime</Filter>
    </ClInclude>
    <ClInclude Include="SlimeStateWalk.h">
      <Filter>Character\Monster\MobMonster\Slime</Filter>
    </ClInclude>
    <ClInclude Include="TurtleShellStateAttack_1.h">
      <Filter>Character\Monster\MobMonster\TurtleShell</Filter>
    </ClInclude>
    <ClInclude Include="TurtleShellStateDamage.h">
      <Filter>Character\Monster\MobMonster\TurtleShell</Filter>
    </ClInclude>
    <ClInclude Include="TurtleShellStateDie.h">
      <Filter>Character\Monster\MobMonster\TurtleShell</Filter>
    </ClInclude>
    <ClInclude Include="TurtleShellStateIdle.h">
      <Filter>Character\Monster\MobMonster\TurtleShell</Filter>
    </ClInclude>
    <ClInclude Include="TurtleShellStateVictory.h">
      <Filter>Character\Monster\MobMonster\TurtleShell</Filter>
    </ClInclude>
    <ClInclude Include="ITurtleShellState.h">
      <Filter>Character\Monster\MobMonster\TurtleShell</Filter>
    </ClInclude>
    <ClInclude Include="MushroomStateAttack_1.h">
      <Filter>Character\Monster\MobMonster\Mushroom</Filter>
    </ClInclude>
    <ClInclude Include="MushroomStateDamage.h">
      <Filter>Character\Monster\MobMonster\Mushroom</Filter>
    </ClInclude>
    <ClInclude Include="MushroomStateDie.h">
      <Filter>Character\Monster\MobMonster\Mushroom</Filter>
    </ClInclude>
    <ClInclude Include="MushroomStateIdle.h">
      <Filter>Character\Monster\MobMonster\Mushroom</Filter>
    </ClInclude>
    <ClInclude Include="MushroomStateVictory.h">
      <Filter>Character\Monster\MobMonster\Mushroom</Filter>
    </ClInclude>
    <ClInclude Include="MushroomStateWalk.h">
      <Filter>Character\Monster\MobMonster\Mushroom</Filter>
    </ClInclude>
    <ClInclude Include="IMushroomState.h">
      <Filter>Character\Monster\MobMonster\Mushroom</Filter>
    </ClInclude>
    <ClInclude Include="CactusStateAttack_1.h">
      <Filter>Character\Monster\MobMonster\Cactus</Filter>
    </ClInclude>
    <ClInclude Include="CactusStateDamage.h">
      <Filter>Character\Monster\MobMonster\Cactus</Filter>
    </ClInclude>
    <ClInclude Include="CactusStateDie.h">
      <Filter>Character\Monster\MobMonster\Cactus</Filter>
    </ClInclude>
    <ClInclude Include="CactusStateIdle.h">
      <Filter>Character\Monster\MobMonster\Cactus</Filter>
    </ClInclude>
    <ClInclude Include="CactusStateRun.h">
      <Filter>Character\Monster\MobMonster\Cactus</Filter>
    </ClInclude>
    <ClInclude Include="CactusStateVictory.h">
      <Filter>Character\Monster\MobMonster\Cactus</Filter>
    </ClInclude>
    <ClInclude Include="ICactusState.h">
      <Filter>Character\Monster\MobMonster\Cactus</Filter>
    </ClInclude>
    <ClInclude Include="GameUI.h" />
    <ClInclude Include="DamageFont.h" />
    <ClInclude Include="Fade.h" />
    <ClInclude Include="EntryBoss.h" />
    <ClInclude Include="BattleStart.h" />
    <ClInclude Include="MobMonster.h">
      <Filter>Character\Monster\MobMonster</Filter>
    </ClInclude>
    <ClInclude Include="MushroomStateAppear.h">
      <Filter>Character\Monster\MobMonster\Mushroom</Filter>
    </ClInclude>
    <ClInclude Include="SlimeStateAppear.h">
      <Filter>Character\Monster\MobMonster\Slime</Filter>
    </ClInclude>
    <ClInclude Include="CactusStateAppear.h">
      <Filter>Character\Monster\MobMonster\Cactus</Filter>
    </ClInclude>
    <ClInclude Include="InitEffect.h" />
    <ClInclude Include="TurtleShellStateAppear.h">
      <Filter>Character\Monster\MobMonster\TurtleShell</Filter>
    </ClInclude>
    <ClInclude Include="MagicBall.h" />
    <ClInclude Include="DarkBall.h">
      <Filter>Character\Monster\BossMonster\Lich</Filter>
    </ClInclude>
    <ClInclude Include="SoundFile.h" />
    <ClInclude Include="CascadModel.h" />
    <ClInclude Include="Brave.h">
      <Filter>Character\Player\Brave</Filter>
    </ClInclude>
    <ClInclude Include="IWeapon.h">
      <Filter>Weapons</Filter>
    </ClInclude>
    <ClInclude Include="SwordShield.h">
      <Filter>Weapons</Filter>
    </ClInclude>
    <ClInclude Include="BigSword.h">
      <Filter>Weapons</Filter>
    </ClInclude>
    <ClInclude Include="MyWeapon.h" />
    <ClInclude Include="EventManager.h">
      <Filter>Manager</Filter>
    </ClInclude>
    <ClInclude Include="GameManager.h">
      <Filter>Manager</Filter>
    </ClInclude>
    <ClInclude Include="WeaponManager.h">
      <Filter>Manager</Filter>
    </ClInclude>
    <ClInclude Include="SelectWeapon.h" />
    <ClInclude Include="KnockBack.h" />
    <ClInclude Include="Bow.h">
      <Filter>Weapons</Filter>
    </ClInclude>
    <ClInclude Include="Arrow.h">
      <Filter>Weapons</Filter>
    </ClInclude>
    <ClInclude Include="HitDetection.h" />
    <ClInclude Include="LichStateAngry.h">
      <Filter>Character\Monster\BossMonster\Lich\LichState</Filter>
    </ClInclude>
    <ClInclude Include="LichStateAttack_1.h">
      <Filter>Character\Monster\BossMonster\Lich\LichState</Filter>
    </ClInclude>
    <ClInclude Include="LichStateAttack_2.h">
      <Filter>Character\Monster\BossMonster\Lich\LichState</Filter>
    </ClInclude>
    <ClInclude Include="LichStateDamage.h">
      <Filter>Character\Monster\BossMonster\Lich\LichState</Filter>
    </ClInclude>
    <ClInclude Include="LichStateDarkMeteorite_End.h">
      <Filter>Character\Monster\BossMonster\Lich\LichState</Filter>
    </ClInclude>
    <ClInclude Include="LichStateDarkMeteorite_Main.h">
      <Filter>Character\Monster\BossMonster\Lich\LichState</Filter>
    </ClInclude>
    <ClInclude Include="LichStateDarkMeteorite_Start.h">
      <Filter>Character\Monster\BossMonster\Lich\LichState</Filter>
    </ClInclude>
    <ClInclude Include="LichStateDie.h">
      <Filter>Character\Monster\BossMonster\Lich\LichState</Filter>
    </ClInclude>
    <ClInclude Include="LichStateIdle.h">
      <Filter>Character\Monster\BossMonster\Lich\LichState</Filter>
    </ClInclude>
    <ClInclude Include="LichStateSummon.h">
      <Filter>Character\Monster\BossMonster\Lich\LichState</Filter>
    </ClInclude>
    <ClInclude Include="LichStateVictory.h">
      <Filter>Character\Monster\BossMonster\Lich\LichState</Filter>
    </ClInclude>
    <ClInclude Include="LichStateWalk.h">
      <Filter>Character\Monster\BossMonster\Lich\LichState</Filter>
    </ClInclude>
    <ClInclude Include="LichStateWarp.h">
      <Filter>Character\Monster\BossMonster\Lich\LichState</Filter>
    </ClInclude>
    <ClInclude Include="ILichState.h">
      <Filter>Character\Monster\BossMonster\Lich\LichState</Filter>
    </ClInclude>
    <ClInclude Include="BraveStateAttack_1.h">
      <Filter>Character\Player\Brave\BraveState</Filter>
    </ClInclude>
    <ClInclude Include="BraveStateAttack_2.h">
      <Filter>Character\Player\Brave\BraveState</Filter>
    </ClInclude>
    <ClInclude Include="BraveStateAttack_3.h">
      <Filter>Character\Player\Brave\BraveState</Filter>
    </ClInclude>
    <ClInclude Include="BraveStateChangeSwordShield.h">
      <Filter>Character\Player\Brave\BraveState</Filter>
    </ClInclude>
    <ClInclude Include="BraveStateDefend.h">
      <Filter>Character\Player\Brave\BraveState</Filter>
    </ClInclude>
    <ClInclude Include="BraveStateDefendHit.h">
      <Filter>Character\Player\Brave\BraveState</Filter>
    </ClInclude>
    <ClInclude Include="BraveStateDie.h">
      <Filter>Character\Player\Brave\BraveState</Filter>
    </ClInclude>
    <ClInclude Include="BraveStateHit.h">
      <Filter>Character\Player\Brave\BraveState</Filter>
    </ClInclude>
    <ClInclude Include="BraveStateIdle.h">
      <Filter>Character\Player\Brave\BraveState</Filter>
    </ClInclude>
    <ClInclude Include="BraveStateSkill_Main.h">
      <Filter>Character\Player\Brave\BraveState</Filter>
    </ClInclude>
    <ClInclude Include="BraveStateSkill_Start.h">
      <Filter>Character\Player\Brave\BraveState</Filter>
    </ClInclude>
    <ClInclude Include="BraveStateSprint.h">
      <Filter>Character\Player\Brave\BraveState</Filter>
    </ClInclude>
    <ClInclude Include="BraveStateWin_Main.h">
      <Filter>Character\Player\Brave\BraveState</Filter>
    </ClInclude>
    <ClInclude Include="BraveStateWin_Start.h">
      <Filter>Character\Player\Brave\BraveState</Filter>
    </ClInclude>
    <ClInclude Include="IBraveState.h">
      <Filter>Character\Player\Brave\BraveState</Filter>
    </ClInclude>
    <ClInclude Include="ManagerPreCompile.h">
      <Filter>Manager</Filter>
    </ClInclude>
    <ClInclude Include="WeaponBase.h">
      <Filter>Weapons</Filter>
    </ClInclude>
    <ClInclude Include="CharactersInfoManager.h">
      <Filter>Manager</Filter>
    </ClInclude>
    <ClInclude Include="BossBase.h">
      <Filter>Character\Monster\BossMonster</Filter>
    </ClInclude>
    <ClInclude Include="Actor.h">
      <Filter>Character\Player</Filter>
    </ClInclude>
    <ClInclude Include="AIActor.h">
      <Filter>Character\Monster</Filter>
    </ClInclude>
    <ClInclude Include="MonsterBase.h">
      <Filter>Character\Monster</Filter>
    </ClInclude>
    <ClInclude Include="Summoner.h">
      <Filter>Character\Monster\BossMonster\Summoner</Filter>
    </ClInclude>
    <ClInclude Include="SummonerState_DarkBall.h">
      <Filter>Character\Monster\BossMonster\Summoner\SummonerState</Filter>
    </ClInclude>
    <ClInclude Include="SummonerState_Idle.h">
      <Filter>Character\Monster\BossMonster\Summoner\SummonerState</Filter>
    </ClInclude>
    <ClInclude Include="ISummonerState.h">
      <Filter>Character\Monster\BossMonster\Summoner\SummonerState</Filter>
    </ClInclude>
    <ClInclude Include="SummonerState_DarkWall.h">
      <Filter>Character\Monster\BossMonster\Summoner\SummonerState</Filter>
    </ClInclude>
    <ClInclude Include="SummonerActionList.h">
      <Filter>Character\Monster\BossMonster\Summoner</Filter>
    </ClInclude>
    <ClInclude Include="IBossStateMachine.h">
      <Filter>Character\Monster\BossMonster</Filter>
    </ClInclude>
    <ClInclude Include="SummonerState_KnockBack.h">
      <Filter>Character\Monster\BossMonster\Summoner\SummonerState</Filter>
    </ClInclude>
    <ClInclude Include="SummonerState_NAttack_1.h">
      <Filter>Character\Monster\BossMonster\Summoner\SummonerState</Filter>
    </ClInclude>
    <ClInclude Include="SummonerState_NAttack_2.h">
      <Filter>Character\Monster\BossMonster\Summoner\SummonerState</Filter>
    </ClInclude>
    <ClInclude Include="SummonerState_NAttack_3.h">
      <Filter>Character\Monster\BossMonster\Summoner\SummonerState</Filter>
    </ClInclude>
    <ClInclude Include="Pause.h" />
    <ClInclude Include="BattlePhase.h" />
    <ClInclude Include="Boss.h" />
    <ClInclude Include="GameFinishCamera.h" />
    <ClInclude Include="SummonerState_Warp.h">
      <Filter>Character\Monster\BossMonster\Summoner\SummonerState</Filter>
    </ClInclude>
    <ClInclude Include="SummonerState_Angry.h">
      <Filter>Character\Monster\BossMonster\Summoner\SummonerState</Filter>
    </ClInclude>
    <ClInclude Include="SummonerState_Command.h">
      <Filter>Character\Monster\BossMonster\Summoner\SummonerState</Filter>
    </ClInclude>
    <ClInclude Include="SummonerState_Die.h">
      <Filter>Character\Monster\BossMonster\Summoner\SummonerState</Filter>
    </ClInclude>
    <ClInclude Include="SummonerState_Hit.h">
      <Filter>Character\Monster\BossMonster\Summoner\SummonerState</Filter>
    </ClInclude>
    <ClInclude Include="SummonerState_Summon.h">
      <Filter>Character\Monster\BossMonster\Summoner\SummonerState</Filter>
    </ClInclude>
    <ClInclude Include="SummonerState_Victory.h">
      <Filter>Character\Monster\BossMonster\Summoner\SummonerState</Filter>
    </ClInclude>
    <ClInclude Include="SummonerState_Walk.h">
      <Filter>Character\Monster\BossMonster\Summoner\SummonerState</Filter>
    </ClInclude>
    <ClInclude Include="SlimeStateChase.h">
      <Filter>Character\Monster\MobMonster\Slime</Filter>
    </ClInclude>
    <ClInclude Include="SlimeStatePatrol.h">
      <Filter>Character\Monster\MobMonster\Slime</Filter>
    </ClInclude>
    <ClInclude Include="SlimeStateSkill.h">
      <Filter>Character\Monster\MobMonster\Slime</Filter>
    </ClInclude>
    <ClInclude Include="CactusStateChase.h">
      <Filter>Character\Monster\MobMonster\Cactus</Filter>
    </ClInclude>
    <ClInclude Include="CactusStatePatrol.h">
      <Filter>Character\Monster\MobMonster\Cactus</Filter>
    </ClInclude>
    <ClInclude Include="CactusStateSkill.h">
      <Filter>Character\Monster\MobMonster\Cactus</Filter>
    </ClInclude>
    <ClInclude Include="MushroomStateChase.h">
      <Filter>Character\Monster\MobMonster\Mushroom</Filter>
    </ClInclude>
    <ClInclude Include="MushroomStatePatrol.h">
      <Filter>Character\Monster\MobMonster\Mushroom</Filter>
    </ClInclude>
    <ClInclude Include="MushroomStateSkill.h">
      <Filter>Character\Monster\MobMonster\Mushroom</Filter>
    </ClInclude>
    <ClInclude Include="SummonerState_DMeteo_Main.h">
      <Filter>Character\Monster\BossMonster\Summoner\SummonerState</Filter>
    </ClInclude>
    <ClInclude Include="SummonerState_DMeteo_Start.h">
      <Filter>Character\Monster\BossMonster\Summoner\SummonerState</Filter>
    </ClInclude>
    <ClInclude Include="Player.h">
      <Filter>Character\Player</Filter>
    </ClInclude>
    <ClInclude Include="Meteo.h">
      <Filter>Character\Monster\BossMonster\Summoner</Filter>
    </ClInclude>
    <ClInclude Include="DecisionMeteoEndpoint.h">
      <Filter>Character\Monster\BossMonster\Summoner</Filter>
    </ClInclude>
    <ClInclude Include="DarkMeteo.h">
      <Filter>Character\Monster\BossMonster\Summoner</Filter>
    </ClInclude>
    <ClInclude Include="BraveStateKnockBack.h">
      <Filter>Character\Player\Brave\BraveState</Filter>
    </ClInclude>
    <ClInclude Include="SummonerState_DarkSpearEnd.h">
      <Filter>Character\Monster\BossMonster\Summoner\SummonerState</Filter>
    </ClInclude>
    <ClInclude Include="SummonerState_DarkSpearMain.h">
      <Filter>Character\Monster\BossMonster\Summoner\SummonerState</Filter>
    </ClInclude>
    <ClInclude Include="SummonerState_DarkSpearStart.h">
      <Filter>Character\Monster\BossMonster\Summoner\SummonerState</Filter>
    </ClInclude>
    <ClInclude Include="SummonerStateEat.h">
      <Filter>Character\Monster\BossMonster\Summoner\SummonerState</Filter>
    </ClInclude>
    <ClInclude Include="TurtleShellStateChase.h">
      <Filter>Character\Monster\MobMonster\TurtleShell</Filter>
    </ClInclude>
    <ClInclude Include="TurtleShellStatePatrol.h">
      <Filter>Character\Monster\MobMonster\TurtleShell</Filter>
    </ClInclude>
    <ClInclude Include="TurtleShellStateSkill.h">
      <Filter>Character\Monster\MobMonster\TurtleShell</Filter>
    </ClInclude>
    <ClInclude Include="DarkSpear.h" />
    <ClInclude Include="DarkSpearObj.h" />
    <ClInclude Include="IMobStateMachine.h">
      <Filter>Character\Monster\MobMonster</Filter>
    </ClInclude>
    <ClInclude Include="MobMonsterActionList.h">
      <Filter>Character\Monster\MobMonster</Filter>
    </ClInclude>
    <ClInclude Include="SummonerSM_Attack.h" />
    <ClInclude Include="SummonerSM_Vigilance.h" />
    <ClInclude Include="MobMonsterSM_Patrol.h" />
    <ClInclude Include="MobMonsterSM_Chase.h" />
  </ItemGroup>
</Project>